
Microsoft Visual Studio Solution File, Format Version 12.00
# Visual Studio Version 17
VisualStudioVersion = 17.6.33717.318
MinimumVisualStudioVersion = 10.0.40219.1
Project("{8BC9CEB8-8B4A-11D0-8D11-00A0C91BC942}") = "Lab2Tests", "Lab2Tests.vcxproj", "{8F251772-6AF6-4BC4-A67F-EA8572C3B168}"
EndProject
Global
	GlobalSection(SolutionConfigurationPlatforms) = preSolution
		Debug|x64 = Debug|x64
		Debug|x86 = Debug|x86
		Release|x64 = Release|x64
		Release|x86 = Release|x86
	EndGlobalSection
	GlobalSection(ProjectConfigurationPlatforms) = postSolution
		{8F251772-6AF6-4BC4-A67F-EA8572C3B168}.Debug|x64.ActiveCfg = Debug|x64
		{8F251772-6AF6-4BC4-A67F-EA8572C3B168}.Debug|x64.Build.0 = Debug|x64
		{8F251772-6AF6-4BC4-A67F-EA8572C3B168}.Debug|x86.ActiveCfg = Debug|Win32
		{8F251772-6AF6-4BC4-A67F-EA8572C3B168}.Debug|x86.Build.0 = Debug|Win32
		{8F251772-6AF6-4BC4-A67F-EA8572C3B168}.Release|x64.ActiveCfg = Release|x64
		{8F251772-6AF6-4BC4-A67F-EA8572C3B168}.Release|x64.Build.0 = Release|x64
		{8F251772-6AF6-4BC4-A67F-EA8572C3B168}.Release|x86.ActiveCfg = Release|Win32
		{8F251772-6AF6-4BC4-A67F-EA8572C3B168}.Release|x86.Build.0 = Release|Win32
	EndGlobalSection
	GlobalSection(SolutionProperties) = preSolution
		HideSolutionNode = FALSE
	EndGlobalSection
	GlobalSection(ExtensibilityGlobals) = postSolution
		SolutionGuid = {5EE0FC6A-1BC2-44DC-88E5-A328740F84B6}
	EndGlobalSection
EndGlobal
